{
  "version": 4,
  "terraform_version": "1.4.6",
  "serial": 28,
  "lineage": "b83cd624-ab50-6852-69ff-92e729efc303",
  "outputs": {},
  "resources": [
    {
      "mode": "managed",
      "type": "aws_iam_group",
      "name": "demo-user",
      "provider": "provider[\"registry.terraform.io/hashicorp/aws\"]",
      "instances": [
        {
          "schema_version": 0,
          "attributes": {
            "arn": "arn:aws:iam::704321698784:group/zigi",
            "id": "zigi",
            "name": "zigi",
            "path": "/",
            "unique_id": "AGPA2H7GYHPQHEUHCJDST"
          },
          "sensitive_attributes": [],
          "private": "bnVsbA=="
        }
      ]
    },
    {
      "mode": "managed",
      "type": "aws_iam_group",
      "name": "group1",
      "provider": "provider[\"registry.terraform.io/hashicorp/aws\"]",
      "instances": [
        {
          "schema_version": 0,
          "attributes": {
            "arn": "arn:aws:iam::704321698784:group/terraform",
            "id": "terraform",
            "name": "terraform",
            "path": "/",
            "unique_id": "AGPA2H7GYHPQFKHOWQUMQ"
          },
          "sensitive_attributes": [],
          "private": "bnVsbA=="
        }
      ]
    }
  ],
  "check_results": null
}
